// !$*UTF8*$!
{
	archiveVersion = 1;
	classes = {
	};
	objectVersion = 50;
	objects = {

/* Begin PBXBuildFile section */
		E28188922577EB77000EDC28 /* AppDelegate.swift in Sources */ = {isa = PBXBuildFile; fileRef = E28188912577EB77000EDC28 /* AppDelegate.swift */; };
		E28188942577EB77000EDC28 /* SceneDelegate.swift in Sources */ = {isa = PBXBuildFile; fileRef = E28188932577EB77000EDC28 /* SceneDelegate.swift */; };
		E28188962577EB77000EDC28 /* ViewController.swift in Sources */ = {isa = PBXBuildFile; fileRef = E28188952577EB77000EDC28 /* ViewController.swift */; };
		E28188992577EB77000EDC28 /* Main.storyboard in Resources */ = {isa = PBXBuildFile; fileRef = E28188972577EB77000EDC28 /* Main.storyboard */; };
		E281889B2577EB7A000EDC28 /* Assets.xcassets in Resources */ = {isa = PBXBuildFile; fileRef = E281889A2577EB7A000EDC28 /* Assets.xcassets */; };
		E281889E2577EB7A000EDC28 /* LaunchScreen.storyboard in Resources */ = {isa = PBXBuildFile; fileRef = E281889C2577EB7A000EDC28 /* LaunchScreen.storyboard */; };
		E28188A72577EBDA000EDC28 /* NoteviewController.swift in Sources */ = {isa = PBXBuildFile; fileRef = E28188A62577EBDA000EDC28 /* NoteviewController.swift */; };
		E28188AA2577EC36000EDC28 /* EntryViewController.swift in Sources */ = {isa = PBXBuildFile; fileRef = E28188A92577EC36000EDC28 /* EntryViewController.swift */; };
/* End PBXBuildFile section */

/* Begin PBXFileReference section */
		E281888E2577EB77000EDC28 /* NOTES APP.app */ = {isa = PBXFileReference; explicitFileType = wrapper.application; includeInIndex = 0; path = "NOTES APP.app"; sourceTree = BUILT_PRODUCTS_DIR; };
		E28188912577EB77000EDC28 /* AppDelegate.swift */ = {isa = PBXFileReference; lastKnownFileType = sourcecode.swift; path = AppDelegate.swift; sourceTree = "<group>"; };
		E28188932577EB77000EDC28 /* SceneDelegate.swift */ = {isa = PBXFileReference; lastKnownFileType = sourcecode.swift; path = SceneDelegate.swift; sourceTree = "<group>"; };
		E28188952577EB77000EDC28 /* ViewController.swift */ = {isa = PBXFileReference; lastKnownFileType = sourcecode.swift; path = ViewController.swift; sourceTree = "<group>"; };
		E28188982577EB77000EDC28 /* Base */ = {isa = PBXFileReference; lastKnownFileType = file.storyboard; name = Base; path = Base.lproj/Main.storyboard; sourceTree = "<group>"; };
		E281889A2577EB7A000EDC28 /* Assets.xcassets */ = {isa = PBXFileReference; lastKnownFileType = folder.assetcatalog; path = Assets.xcassets; sourceTree = "<group>"; };
		E281889D2577EB7A000EDC28 /* Base */ = {isa = PBXFileReference; lastKnownFileType = file.storyboard; name = Base; path = Base.lproj/LaunchScreen.storyboard; sourceTree = "<group>"; };
		E281889F2577EB7A000EDC28 /* Info.plist */ = {isa = PBXFileReference; lastKnownFileType = text.plist.xml; path = Info.plist; sourceTree = "<group>"; };
		E28188A62577EBDA000EDC28 /* NoteviewController.swift */ = {isa = PBXFileReference; lastKnownFileType = sourcecode.swift; path = NoteviewController.swift; sourceTree = "<group>"; };
		E28188A92577EC36000EDC28 /* EntryViewController.swift */ = {isa = PBXFileReference; lastKnownFileType = sourcecode.swift; path = EntryViewController.swift; sourceTree = "<group>"; };
/* End PBXFileReference section */

/* Begin PBXFrameworksBuildPhase section */
		E281888B2577EB77000EDC28 /* Frameworks */ = {
			isa = PBXFrameworksBuildPhase;
			buildActionMask = 2147483647;
			files = (
			);
			runOnlyForDeploymentPostprocessing = 0;
		};
/* End PBXFrameworksBuildPhase section */

/* Begin PBXGroup section */
		E28188852577EB77000EDC28 = {
			isa = PBXGroup;
			children = (
				E28188902577EB77000EDC28 /* NOTES APP */,
				E281888F2577EB77000EDC28 /* Products */,
			);
			sourceTree = "<group>";
		};
		E281888F2577EB77000EDC28 /* Products */ = {
			isa = PBXGroup;
			children = (
				E281888E2577EB77000EDC28 /* NOTES APP.app */,
			);
			name = Products;
			sourceTree = "<group>";
		};
		E28188902577EB77000EDC28 /* NOTES APP */ = {
			isa = PBXGroup;
			children = (
				E28188912577EB77000EDC28 /* AppDelegate.swift */,
				E28188932577EB77000EDC28 /* SceneDelegate.swift */,
				E28188952577EB77000EDC28 /* ViewController.swift */,
				E28188972577EB77000EDC28 /* Main.storyboard */,
				E281889A2577EB7A000EDC28 /* Assets.xcassets */,
				E281889C2577EB7A000EDC28 /* LaunchScreen.storyboard */,
				E281889F2577EB7A000EDC28 /* Info.plist */,
				E28188A62577EBDA000EDC28 /* NoteviewController.swift */,
				E28188A92577EC36000EDC28 /* EntryViewController.swift */,
			);
			path = "NOTES APP";
			sourceTree = "<group>";
		};
/* End PBXGroup section */

/* Begin PBXNativeTarget section */
		E281888D2577EB77000EDC28 /* NOTES APP */ = {
			isa = PBXNativeTarget;
			buildConfigurationList = E28188A22577EB7A000EDC28 /* Build configuration list for PBXNativeTarget "NOTES APP" */;
			buildPhases = (
				E281888A2577EB77000EDC28 /* Sources */,
				E281888B2577EB77000EDC28 /* Frameworks */,
				E281888C2577EB77000EDC28 /* Resources */,
			);
			buildRules = (
			);
			dependencies = (
			);
			name = "NOTES APP";
			productName = "NOTES APP";
			productReference = E281888E2577EB77000EDC28 /* NOTES APP.app */;
			productType = "com.apple.product-type.application";
		};
/* End PBXNativeTarget section */

/* Begin PBXProject section */
		E28188862577EB77000EDC28 /* Project object */ = {
			isa = PBXProject;
			attributes = {
				LastSwiftUpdateCheck = 1230;
				LastUpgradeCheck = 1230;
				TargetAttributes = {
					E281888D2577EB77000EDC28 = {
						CreatedOnToolsVersion = 12.3;
					};
				};
			};
			buildConfigurationList = E28188892577EB77000EDC28 /* Build configuration list for PBXProject "NOTES APP" */;
			compatibilityVersion = "Xcode 9.3";
			developmentRegion = en;
			hasScannedForEncodings = 0;
			knownRegions = (
				en,
				Base,
			);
			mainGroup = E28188852577EB77000EDC28;
			productRefGroup = E281888F2577EB77000EDC28 /* Products */;
			projectDirPath = "";
			projectRoot = "";
			targets = (
				E281888D2577EB77000EDC28 /* NOTES APP */,
			);
		};
/* End PBXProject section */

/* Begin PBXResourcesBuildPhase section */
		E281888C2577EB77000EDC28 /* Resources */ = {
			isa = PBXResourcesBuildPhase;
			buildActionMask = 2147483647;
			files = (
				E281889E2577EB7A000EDC28 /* LaunchScreen.storyboard in Resources */,
				E281889B2577EB7A000EDC28 /* Assets.xcassets in Resources */,
				E28188992577EB77000EDC28 /* Main.storyboard in Resources */,
			);
			runOnlyForDeploymentPostprocessing = 0;
		};
/* End PBXResourcesBuildPhase section */

/* Begin PBXSourcesBuildPhase section */
		E281888A2577EB77000EDC28 /* Sources */ = {
			isa = PBXSourcesBuildPhase;
			buildActionMask = 2147483647;
			files = (
				E28188A72577EBDA000EDC28 /* NoteviewController.swift in Sources */,
				E28188AA2577EC36000EDC28 /* EntryViewController.swift in Sources */,
				E28188962577EB77000EDC28 /* ViewController.swift in Sources */,
				E28188922577EB77000EDC28 /* AppDelegate.swift in Sources */,
				E28188942577EB77000EDC28 /* SceneDelegate.swift in Sources */,
			);
			runOnlyForDeploymentPostprocessing = 0;
		};
/* End PBXSourcesBuildPhase section */

/* Begin PBXVariantGroup section */
		E28188972577EB77000EDC28 /* Main.storyboard */ = {
			isa = PBXVariantGroup;
			children = (
				E28188982577EB77000EDC28 /* Base */,
			);
			name = Main.storyboard;
			sourceTree = "<group>";
		};
		E281889C2577EB7A000EDC28 /* LaunchScreen.storyboard */ = {
			isa = PBXVariantGroup;
			children = (
				E281889D2577EB7A000EDC28 /* Base */,
			);
			name = LaunchScreen.storyboard;
			sourceTree = "<group>";
		};
/* End PBXVariantGroup section */

/* Begin XCBuildConfiguration section */
		E28188A02577EB7A000EDC28 /* Debug */ = {
			isa = XCBuildConfiguration;
			buildSettings = {
				ALWAYS_SEARCH_USER_PATHS = NO;
				CLANG_ANALYZER_NONNULL = YES;
				CLANG_ANALYZER_NUMBER_OBJECT_CONVERSION = YES_AGGRESSIVE;
				CLANG_CXX_LANGUAGE_STANDARD = "gnu++14";
				CLANG_CXX_LIBRARY = "libc++";
				CLANG_ENABLE_MODULES = YES;
				CLANG_ENABLE_OBJC_ARC = YES;
				CLANG_ENABLE_OBJC_WEAK = YES;
				CLANG_WARN_BLOCK_CAPTURE_AUTORELEASING = YES;
				CLANG_WARN_BOOL_CONVERSION = YES;
				CLANG_WARN_COMMA = YES;
				CLANG_WARN_CONSTANT_CONVERSION = YES;
				CLANG_WARN_DEPRECATED_OBJC_IMPLEMENTATIONS = YES;
				CLANG_WARN_DIRECT_OBJC_ISA_USAGE = YES_ERROR;
				CLANG_WARN_DOCUMENTATION_COMMENTS = YES;
				CLANG_WARN_EMPTY_BODY = YES;
				CLANG_WARN_ENUM_CONVERSION = YES;
				CLANG_WARN_INFINITE_RECURSION = YES;
				CLANG_WARN_INT_CONVERSION = YES;
				CLANG_WARN_NON_LITERAL_NULL_CONVERSION = YES;
				CLANG_WARN_OBJC_IMPLICIT_RETAIN_SELF = YES;
				CLANG_WARN_OBJC_LITERAL_CONVERSION = YES;
				CLANG_WARN_OBJC_ROOT_CLASS = YES_ERROR;
				CLANG_WARN_QUOTED_INCLUDE_IN_FRAMEWORK_HEADER = YES;
				CLANG_WARN_RANGE_LOOP_ANALYSIS = YES;
				CLANG_WARN_STRICT_PROTOTYPES = YES;
				CLANG_WARN_SUSPICIOUS_MOVE = YES;
				CLANG_WARN_UNGUARDED_AVAILABILITY = YES_AGGRESSIVE;
				CLANG_WARN_UNREACHABLE_CODE = YES;
				CLANG_WARN__DUPLICATE_METHOD_MATCH = YES;
				COPY_PHASE_STRIP = NO;
				DEBUG_INFORMATION_FORMAT = dwarf;
				ENABLE_STRICT_OBJC_MSGSEND = YES;
				ENABLE_TESTABILITY = YES;
				GCC_C_LANGUAGE_STANDARD = gnu11;
				GCC_DYNAMIC_NO_PIC = NO;
				GCC_NO_COMMON_BLOCKS = YES;
				GCC_OPTIMIZATION_LEVEL = 0;
				GCC_PREPROCESSOR_DEFINITIONS = (
					"DEBUG=1",
					"$(inherited)",
				);
				GCC_WARN_64_TO_32_BIT_CONVERSION = YES;
				GCC_WARN_ABOUT_RETURN_TYPE = YES_ERROR;
				GCC_WARN_UNDECLARED_SELECTOR = YES;
				GCC_WARN_UNINITIALIZED_AUTOS = YES_AGGRESSIVE;
				GCC_WARN_UNUSED_FUNCTION = YES;
				GCC_WARN_UNUSED_VARIABLE = YES;
				IPHONEOS_DEPLOYMENT_TARGET = 14.3;
				MTL_ENABLE_DEBUG_INFO = INCLUDE_SOURCE;
				MTL_FAST_MATH = YES;
				ONLY_ACTIVE_ARCH = YES;
				SDKROOT = iphoneos;
				SWIFT_ACTIVE_COMPILATION_CONDITIONS = DEBUG;
				SWIFT_OPTIMIZATION_LEVEL = "-Onone";
			};
			name = Debug;
		};
		E28188A12577EB7A000EDC28 /* Release */ = {
			isa = XCBuildConfiguration;
			buildSettings = {
				ALWAYS_SEARCH_USER_PATHS = NO;
				CLANG_ANALYZER_NONNULL = YES;
				CLANG_ANALYZER_NUMBER_OBJECT_CONVERSION = YES_AGGRESSIVE;
				CLANG_CXX_LANGUAGE_STANDARD = "gnu++14";
				CLANG_CXX_LIBRARY = "libc++";
				CLANG_ENABLE_MODULES = YES;
				CLANG_ENABLE_OBJC_ARC = YES;
				CLANG_ENABLE_OBJC_WEAK = YES;
				CLANG_WARN_BLOCK_CAPTURE_AUTORELEASING = YES;
				CLANG_WARN_BOOL_CONVERSION = YES;
				CLANG_WARN_COMMA = YES;
				CLANG_WARN_CONSTANT_CONVERSION = YES;
				CLANG_WARN_DEPRECATED_OBJC_IMPLEMENTATIONS = YES;
				CLANG_WARN_DIRECT_OBJC_ISA_USAGE = YES_ERROR;
				CLANG_WARN_DOCUMENTATION_COMMENTS = YES;
				CLANG_WARN_EMPTY_BODY = YES;
				CLANG_WARN_ENUM_CONVERSION = YES;
				CLANG_WARN_INFINITE_RECURSION = YES;
				CLANG_WARN_INT_CONVERSION = YES;
				CLANG_WARN_NON_LITERAL_NULL_CONVERSION = YES;
				CLANG_WARN_OBJC_IMPLICIT_RETAIN_SELF = YES;
				CLANG_WARN_OBJC_LITERAL_CONVERSION = YES;
				CLANG_WARN_OBJC_ROOT_CLASS = YES_ERROR;
				CLANG_WARN_QUOTED_INCLUDE_IN_FRAMEWORK_HEADER = YES;
				CLANG_WARN_RANGE_LOOP_ANALYSIS = YES;
				CLANG_WARN_STRICT_PROTOTYPES = YES;
				CLANG_WARN_SUSPICIOUS_MOVE = YES;
				CLANG_WARN_UNGUARDED_AVAILABILITY = YES_AGGRESSIVE;
				CLANG_WARN_UNREACHABLE_CODE = YES;
				CLANG_WARN__DUPLICATE_METHOD_MATCH = YES;
				COPY_PHASE_STRIP = NO;
				DEBUG_INFORMATION_FORMAT = "dwarf-with-dsym";
				ENABLE_NS_ASSERTIONS = NO;
				ENABLE_STRICT_OBJC_MSGSEND = YES;
				GCC_C_LANGUAGE_STANDARD = gnu11;
				GCC_NO_COMMON_BLOCKS = YES;
				GCC_WARN_64_TO_32_BIT_CONVERSION = YES;
				GCC_WARN_ABOUT_RETURN_TYPE = YES_ERROR;
				GCC_WARN_UNDECLARED_SELECTOR = YES;
				GCC_WARN_UNINITIALIZED_AUTOS = YES_AGGRESSIVE;
				GCC_WARN_UNUSED_FUNCTION = YES;
				GCC_WARN_UNUSED_VARIABLE = YES;
				IPHONEOS_DEPLOYMENT_TARGET = 14.3;
				MTL_ENABLE_DEBUG_INFO = NO;
				MTL_FAST_MATH = YES;
				SDKROOT = iphoneos;
				SWIFT_COMPILATION_MODE = wholemodule;
				SWIFT_OPTIMIZATION_LEVEL = "-O";
				VALIDATE_PRODUCT = YES;
			};
			name = Release;
		};
		E28188A32577EB7A000EDC28 /* Debug */ = {
			isa = XCBuildConfiguration;
			buildSettings = {
				ASSETCATALOG_COMPILER_APPICON_NAME = AppIcon;
				ASSETCATALOG_COMPILER_GLOBAL_ACCENT_COLOR_NAME = AccentColor;
				CODE_SIGN_STYLE = Automatic;
				INFOPLIST_FILE = "NOTES APP/Info.plist";
				LD_RUNPATH_SEARCH_PATHS = (
					"$(inherited)",
					"@executable_path/Frameworks",
				);
				PRODUCT_BUNDLE_IDENTIFIER = "Alvin-Adarsh.NOTES-APP";
				PRODUCT_NAME = "$(TARGET_NAME)";
				SWIFT_VERSION = 5.0;
				TARGETED_DEVICE_FAMILY = "1,2";
			};
			name = Debug;
		};
		E28188A42577EB7A000EDC28 /* Release */ = {
			isa = XCBuildConfiguration;
			buildSettings = {
				ASSETCATALOG_COMPILER_APPICON_NAME = AppIcon;
				ASSETCATALOG_COMPILER_GLOBAL_ACCENT_COLOR_NAME = AccentColor;
				CODE_SIGN_STYLE = Automatic;
				INFOPLIST_FILE = "NOTES APP/Info.plist";
				LD_RUNPATH_SEARCH_PATHS = (
					"$(inherited)",
					"@executable_path/Frameworks",
				);
				PRODUCT_BUNDLE_IDENTIFIER = "Alvin-Adarsh.NOTES-APP";
				PRODUCT_NAME = "$(TARGET_NAME)";
				SWIFT_VERSION = 5.0;
				TARGETED_DEVICE_FAMILY = "1,2";
			};
			name = Release;
		};
/* End XCBuildConfiguration section */

/* Begin XCConfigurationList section */
		E28188892577EB77000EDC28 /* Build configuration list for PBXProject "NOTES APP" */ = {
			isa = XCConfigurationList;
			buildConfigurations = (
				E28188A02577EB7A000EDC28 /* Debug */,
				E28188A12577EB7A000EDC28 /* Release */,
			);
			defaultConfigurationIsVisible = 0;
			defaultConfigurationName = Release;
		};
		E28188A22577EB7A000EDC28 /* Build configuration list for PBXNativeTarget "NOTES APP" */ = {
			isa = XCConfigurationList;
			buildConfigurations = (
				E28188A32577EB7A000EDC28 /* Debug */,
				E28188A42577EB7A000EDC28 /* Release */,
			);
			defaultConfigurationIsVisible = 0;
			defaultConfigurationName = Release;
		};
/* End XCConfigurationList section */
	};
	rootObject = E28188862577EB77000EDC28 /* Project object */;
}
